
Microsoft Visual Studio Solution File, Format Version 12.00
# Visual Studio 15
VisualStudioVersion = 15.0.27703.2047
MinimumVisualStudioVersion = 10.0.40219.1
Project("{FAE04EC0-301F-11D3-BF4B-00C04F79EFBC}") = "GitHub1", "GitHub1\GitHub1.csproj", "{757829C8-B984-4F2F-A34A-798EB13E3808}"
EndProject
Global
	GlobalSection(SolutionConfigurationPlatforms) = preSolution
		Debug|Any CPU = Debug|Any CPU
		Release|Any CPU = Release|Any CPU
	EndGlobalSection
	GlobalSection(ProjectConfigurationPlatforms) = postSolution
		{757829C8-B984-4F2F-A34A-798EB13E3808}.Debug|Any CPU.ActiveCfg = Debug|Any CPU
		{757829C8-B984-4F2F-A34A-798EB13E3808}.Debug|Any CPU.Build.0 = Debug|Any CPU
		{757829C8-B984-4F2F-A34A-798EB13E3808}.Release|Any CPU.ActiveCfg = Release|Any CPU
		{757829C8-B984-4F2F-A34A-798EB13E3808}.Release|Any CPU.Build.0 = Release|Any CPU
	EndGlobalSection
	GlobalSection(SolutionProperties) = preSolution
		HideSolutionNode = FALSE
	EndGlobalSection
	GlobalSection(ExtensibilityGlobals) = postSolution
		SolutionGuid = {6B8A0178-FDB1-4824-9E75-FD7CF5B01605}
	EndGlobalSection
EndGlobal
